
Microsoft Visual Studio Solution File, Format Version 12.00
# Visual Studio 15
VisualStudioVersion = 15.0.28010.2036
MinimumVisualStudioVersion = 10.0.40219.1
Project("{FAE04EC0-301F-11D3-BF4B-00C04F79EFBC}") = "GameOfLife_PAI", "GameOfLife_PAI\GameOfLife_PAI.csproj", "{4F354D4D-71DC-4B74-9C4D-958793993F3E}"
EndProject
Global
	GlobalSection(SolutionConfigurationPlatforms) = preSolution
		Debug|Any CPU = Debug|Any CPU
		Release|Any CPU = Release|Any CPU
	EndGlobalSection
	GlobalSection(ProjectConfigurationPlatforms) = postSolution
		{4F354D4D-71DC-4B74-9C4D-958793993F3E}.Debug|Any CPU.ActiveCfg = Debug|Any CPU
		{4F354D4D-71DC-4B74-9C4D-958793993F3E}.Debug|Any CPU.Build.0 = Debug|Any CPU
		{4F354D4D-71DC-4B74-9C4D-958793993F3E}.Release|Any CPU.ActiveCfg = Release|Any CPU
		{4F354D4D-71DC-4B74-9C4D-958793993F3E}.Release|Any CPU.Build.0 = Release|Any CPU
	EndGlobalSection
	GlobalSection(SolutionProperties) = preSolution
		HideSolutionNode = FALSE
	EndGlobalSection
	GlobalSection(ExtensibilityGlobals) = postSolution
		SolutionGuid = {2503B052-9201-4C03-99C7-B805A8A3510C}
	EndGlobalSection
EndGlobal
